// !$*UTF8*$!
{
	archiveVersion = 1;
	classes = {
	};
	objectVersion = 55;
	objects = {

/* Begin PBXBuildFile section */
		935C57292817B44B0008A870 /* My_ShortcutsApp.swift in Sources */ = {isa = PBXBuildFile; fileRef = 935C57282817B44B0008A870 /* My_ShortcutsApp.swift */; };
		935C572B2817B44B0008A870 /* ContentView.swift in Sources */ = {isa = PBXBuildFile; fileRef = 935C572A2817B44B0008A870 /* ContentView.swift */; };
		935C572D2817B44C0008A870 /* Assets.xcassets in Resources */ = {isa = PBXBuildFile; fileRef = 935C572C2817B44C0008A870 /* Assets.xcassets */; };
		935C57302817B44C0008A870 /* Preview Assets.xcassets in Resources */ = {isa = PBXBuildFile; fileRef = 935C572F2817B44C0008A870 /* Preview Assets.xcassets */; };
		935C573A2817B44C0008A870 /* My_ShortcutsTests.swift in Sources */ = {isa = PBXBuildFile; fileRef = 935C57392817B44C0008A870 /* My_ShortcutsTests.swift */; };
		935C57442817B44C0008A870 /* My_ShortcutsUITests.swift in Sources */ = {isa = PBXBuildFile; fileRef = 935C57432817B44C0008A870 /* My_ShortcutsUITests.swift */; };
		935C57462817B44C0008A870 /* My_ShortcutsUITestsLaunchTests.swift in Sources */ = {isa = PBXBuildFile; fileRef = 935C57452817B44C0008A870 /* My_ShortcutsUITestsLaunchTests.swift */; };
		935C5759281847DB0008A870 /* TextBlock.swift in Sources */ = {isa = PBXBuildFile; fileRef = 935C5758281847DB0008A870 /* TextBlock.swift */; };
		935C575B28188E940008A870 /* TestView.swift in Sources */ = {isa = PBXBuildFile; fileRef = 935C575A28188E940008A870 /* TestView.swift */; };
		935C575D281891380008A870 /* Block.swift in Sources */ = {isa = PBXBuildFile; fileRef = 935C575C281891380008A870 /* Block.swift */; };
		935C57622819AB9C0008A870 /* IfBlock.swift in Sources */ = {isa = PBXBuildFile; fileRef = 935C57612819AB9C0008A870 /* IfBlock.swift */; };
		935C5767281A45200008A870 /* utils.swift in Sources */ = {isa = PBXBuildFile; fileRef = 935C5766281A45200008A870 /* utils.swift */; };
		935C576B281A49940008A870 /* globals.swift in Sources */ = {isa = PBXBuildFile; fileRef = 935C576A281A49940008A870 /* globals.swift */; };
		935C576D281B38DB0008A870 /* Test2View.swift in Sources */ = {isa = PBXBuildFile; fileRef = 935C576C281B38DB0008A870 /* Test2View.swift */; };
		935C57EE281F93180008A870 /* Procedure.swift in Sources */ = {isa = PBXBuildFile; fileRef = 935C57ED281F93180008A870 /* Procedure.swift */; };
/* End PBXBuildFile section */

/* Begin PBXContainerItemProxy section */
		935C57362817B44C0008A870 /* PBXContainerItemProxy */ = {
			isa = PBXContainerItemProxy;
			containerPortal = 935C571D2817B44B0008A870 /* Project object */;
			proxyType = 1;
			remoteGlobalIDString = 935C57242817B44B0008A870;
			remoteInfo = "My Shortcuts";
		};
		935C57402817B44C0008A870 /* PBXContainerItemProxy */ = {
			isa = PBXContainerItemProxy;
			containerPortal = 935C571D2817B44B0008A870 /* Project object */;
			proxyType = 1;
			remoteGlobalIDString = 935C57242817B44B0008A870;
			remoteInfo = "My Shortcuts";
		};
/* End PBXContainerItemProxy section */

/* Begin PBXFileReference section */
		935C57252817B44B0008A870 /* My Shortcuts.app */ = {isa = PBXFileReference; explicitFileType = wrapper.application; includeInIndex = 0; path = "My Shortcuts.app"; sourceTree = BUILT_PRODUCTS_DIR; };
		935C57282817B44B0008A870 /* My_ShortcutsApp.swift */ = {isa = PBXFileReference; lastKnownFileType = sourcecode.swift; path = My_ShortcutsApp.swift; sourceTree = "<group>"; };
		935C572A2817B44B0008A870 /* ContentView.swift */ = {isa = PBXFileReference; lastKnownFileType = sourcecode.swift; path = ContentView.swift; sourceTree = "<group>"; };
		935C572C2817B44C0008A870 /* Assets.xcassets */ = {isa = PBXFileReference; lastKnownFileType = folder.assetcatalog; path = Assets.xcassets; sourceTree = "<group>"; };
		935C572F2817B44C0008A870 /* Preview Assets.xcassets */ = {isa = PBXFileReference; lastKnownFileType = folder.assetcatalog; path = "Preview Assets.xcassets"; sourceTree = "<group>"; };
		935C57352817B44C0008A870 /* My ShortcutsTests.xctest */ = {isa = PBXFileReference; explicitFileType = wrapper.cfbundle; includeInIndex = 0; path = "My ShortcutsTests.xctest"; sourceTree = BUILT_PRODUCTS_DIR; };
		935C57392817B44C0008A870 /* My_ShortcutsTests.swift */ = {isa = PBXFileReference; lastKnownFileType = sourcecode.swift; path = My_ShortcutsTests.swift; sourceTree = "<group>"; };
		935C573F2817B44C0008A870 /* My ShortcutsUITests.xctest */ = {isa = PBXFileReference; explicitFileType = wrapper.cfbundle; includeInIndex = 0; path = "My ShortcutsUITests.xctest"; sourceTree = BUILT_PRODUCTS_DIR; };
		935C57432817B44C0008A870 /* My_ShortcutsUITests.swift */ = {isa = PBXFileReference; lastKnownFileType = sourcecode.swift; path = My_ShortcutsUITests.swift; sourceTree = "<group>"; };
		935C57452817B44C0008A870 /* My_ShortcutsUITestsLaunchTests.swift */ = {isa = PBXFileReference; lastKnownFileType = sourcecode.swift; path = My_ShortcutsUITestsLaunchTests.swift; sourceTree = "<group>"; };
		935C5758281847DB0008A870 /* TextBlock.swift */ = {isa = PBXFileReference; lastKnownFileType = sourcecode.swift; path = TextBlock.swift; sourceTree = "<group>"; };
		935C575A28188E940008A870 /* TestView.swift */ = {isa = PBXFileReference; lastKnownFileType = sourcecode.swift; path = TestView.swift; sourceTree = "<group>"; };
		935C575C281891380008A870 /* Block.swift */ = {isa = PBXFileReference; lastKnownFileType = sourcecode.swift; path = Block.swift; sourceTree = "<group>"; };
		935C57602818964B0008A870 /* MyPlayground.playground */ = {isa = PBXFileReference; lastKnownFileType = file.playground; path = MyPlayground.playground; sourceTree = "<group>"; xcLanguageSpecificationIdentifier = xcode.lang.swift; };
		935C57612819AB9C0008A870 /* IfBlock.swift */ = {isa = PBXFileReference; lastKnownFileType = sourcecode.swift; path = IfBlock.swift; sourceTree = "<group>"; };
		935C5766281A45200008A870 /* utils.swift */ = {isa = PBXFileReference; lastKnownFileType = sourcecode.swift; path = utils.swift; sourceTree = "<group>"; };
		935C576A281A49940008A870 /* globals.swift */ = {isa = PBXFileReference; lastKnownFileType = sourcecode.swift; path = globals.swift; sourceTree = "<group>"; };
		935C576C281B38DB0008A870 /* Test2View.swift */ = {isa = PBXFileReference; lastKnownFileType = sourcecode.swift; path = Test2View.swift; sourceTree = "<group>"; };
		935C57ED281F93180008A870 /* Procedure.swift */ = {isa = PBXFileReference; lastKnownFileType = sourcecode.swift; path = Procedure.swift; sourceTree = "<group>"; };
/* End PBXFileReference section */

/* Begin PBXFrameworksBuildPhase section */
		935C57222817B44B0008A870 /* Frameworks */ = {
			isa = PBXFrameworksBuildPhase;
			buildActionMask = 2147483647;
			files = (
			);
			runOnlyForDeploymentPostprocessing = 0;
		};
		935C57322817B44C0008A870 /* Frameworks */ = {
			isa = PBXFrameworksBuildPhase;
			buildActionMask = 2147483647;
			files = (
			);
			runOnlyForDeploymentPostprocessing = 0;
		};
		935C573C2817B44C0008A870 /* Frameworks */ = {
			isa = PBXFrameworksBuildPhase;
			buildActionMask = 2147483647;
			files = (
			);
			runOnlyForDeploymentPostprocessing = 0;
		};
/* End PBXFrameworksBuildPhase section */

/* Begin PBXGroup section */
		935C571C2817B44B0008A870 = {
			isa = PBXGroup;
			children = (
				935C57272817B44B0008A870 /* My Shortcuts */,
				935C57382817B44C0008A870 /* My ShortcutsTests */,
				935C57422817B44C0008A870 /* My ShortcutsUITests */,
				935C57262817B44B0008A870 /* Products */,
			);
			sourceTree = "<group>";
		};
		935C57262817B44B0008A870 /* Products */ = {
			isa = PBXGroup;
			children = (
				935C57252817B44B0008A870 /* My Shortcuts.app */,
				935C57352817B44C0008A870 /* My ShortcutsTests.xctest */,
				935C573F2817B44C0008A870 /* My ShortcutsUITests.xctest */,
			);
			name = Products;
			sourceTree = "<group>";
		};
		935C57272817B44B0008A870 /* My Shortcuts */ = {
			isa = PBXGroup;
			children = (
				935C57282817B44B0008A870 /* My_ShortcutsApp.swift */,
				935C5763281A42110008A870 /* Helper */,
				935C57532817B48B0008A870 /* Models */,
				935C57522817B4580008A870 /* Views */,
				935C572C2817B44C0008A870 /* Assets.xcassets */,
				935C572E2817B44C0008A870 /* Preview Content */,
			);
			path = "My Shortcuts";
			sourceTree = "<group>";
		};
		935C572E2817B44C0008A870 /* Preview Content */ = {
			isa = PBXGroup;
			children = (
				935C572F2817B44C0008A870 /* Preview Assets.xcassets */,
			);
			path = "Preview Content";
			sourceTree = "<group>";
		};
		935C57382817B44C0008A870 /* My ShortcutsTests */ = {
			isa = PBXGroup;
			children = (
				935C57392817B44C0008A870 /* My_ShortcutsTests.swift */,
			);
			path = "My ShortcutsTests";
			sourceTree = "<group>";
		};
		935C57422817B44C0008A870 /* My ShortcutsUITests */ = {
			isa = PBXGroup;
			children = (
				935C57432817B44C0008A870 /* My_ShortcutsUITests.swift */,
				935C57452817B44C0008A870 /* My_ShortcutsUITestsLaunchTests.swift */,
			);
			path = "My ShortcutsUITests";
			sourceTree = "<group>";
		};
		935C57522817B4580008A870 /* Views */ = {
			isa = PBXGroup;
			children = (
				935C572A2817B44B0008A870 /* ContentView.swift */,
				935C5758281847DB0008A870 /* TextBlock.swift */,
				935C575A28188E940008A870 /* TestView.swift */,
				935C57612819AB9C0008A870 /* IfBlock.swift */,
				935C576C281B38DB0008A870 /* Test2View.swift */,
			);
			path = Views;
			sourceTree = "<group>";
		};
		935C57532817B48B0008A870 /* Models */ = {
			isa = PBXGroup;
			children = (
				935C575C281891380008A870 /* Block.swift */,
				935C57ED281F93180008A870 /* Procedure.swift */,
				935C57602818964B0008A870 /* MyPlayground.playground */,
			);
			path = Models;
			sourceTree = "<group>";
		};
		935C5763281A42110008A870 /* Helper */ = {
			isa = PBXGroup;
			children = (
				935C5766281A45200008A870 /* utils.swift */,
				935C576A281A49940008A870 /* globals.swift */,
			);
			path = Helper;
			sourceTree = "<group>";
		};
/* End PBXGroup section */

/* Begin PBXNativeTarget section */
		935C57242817B44B0008A870 /* My Shortcuts */ = {
			isa = PBXNativeTarget;
			buildConfigurationList = 935C57492817B44C0008A870 /* Build configuration list for PBXNativeTarget "My Shortcuts" */;
			buildPhases = (
				935C57212817B44B0008A870 /* Sources */,
				935C57222817B44B0008A870 /* Frameworks */,
				935C57232817B44B0008A870 /* Resources */,
			);
			buildRules = (
			);
			dependencies = (
			);
			name = "My Shortcuts";
			productName = "My Shortcuts";
			productReference = 935C57252817B44B0008A870 /* My Shortcuts.app */;
			productType = "com.apple.product-type.application";
		};
		935C57342817B44C0008A870 /* My ShortcutsTests */ = {
			isa = PBXNativeTarget;
			buildConfigurationList = 935C574C2817B44C0008A870 /* Build configuration list for PBXNativeTarget "My ShortcutsTests" */;
			buildPhases = (
				935C57312817B44C0008A870 /* Sources */,
				935C57322817B44C0008A870 /* Frameworks */,
				935C57332817B44C0008A870 /* Resources */,
			);
			buildRules = (
			);
			dependencies = (
				935C57372817B44C0008A870 /* PBXTargetDependency */,
			);
			name = "My ShortcutsTests";
			productName = "My ShortcutsTests";
			productReference = 935C57352817B44C0008A870 /* My ShortcutsTests.xctest */;
			productType = "com.apple.product-type.bundle.unit-test";
		};
		935C573E2817B44C0008A870 /* My ShortcutsUITests */ = {
			isa = PBXNativeTarget;
			buildConfigurationList = 935C574F2817B44C0008A870 /* Build configuration list for PBXNativeTarget "My ShortcutsUITests" */;
			buildPhases = (
				935C573B2817B44C0008A870 /* Sources */,
				935C573C2817B44C0008A870 /* Frameworks */,
				935C573D2817B44C0008A870 /* Resources */,
			);
			buildRules = (
			);
			dependencies = (
				935C57412817B44C0008A870 /* PBXTargetDependency */,
			);
			name = "My ShortcutsUITests";
			productName = "My ShortcutsUITests";
			productReference = 935C573F2817B44C0008A870 /* My ShortcutsUITests.xctest */;
			productType = "com.apple.product-type.bundle.ui-testing";
		};
/* End PBXNativeTarget section */

/* Begin PBXProject section */
		935C571D2817B44B0008A870 /* Project object */ = {
			isa = PBXProject;
			attributes = {
				BuildIndependentTargetsInParallel = 1;
				LastSwiftUpdateCheck = 1310;
				LastUpgradeCheck = 1310;
				TargetAttributes = {
					935C57242817B44B0008A870 = {
						CreatedOnToolsVersion = 13.1;
					};
					935C57342817B44C0008A870 = {
						CreatedOnToolsVersion = 13.1;
						TestTargetID = 935C57242817B44B0008A870;
					};
					935C573E2817B44C0008A870 = {
						CreatedOnToolsVersion = 13.1;
						TestTargetID = 935C57242817B44B0008A870;
					};
				};
			};
			buildConfigurationList = 935C57202817B44B0008A870 /* Build configuration list for PBXProject "My Shortcuts" */;
			compatibilityVersion = "Xcode 13.0";
			developmentRegion = en;
			hasScannedForEncodings = 0;
			knownRegions = (
				en,
				Base,
			);
			mainGroup = 935C571C2817B44B0008A870;
			productRefGroup = 935C57262817B44B0008A870 /* Products */;
			projectDirPath = "";
			projectRoot = "";
			targets = (
				935C57242817B44B0008A870 /* My Shortcuts */,
				935C57342817B44C0008A870 /* My ShortcutsTests */,
				935C573E2817B44C0008A870 /* My ShortcutsUITests */,
			);
		};
/* End PBXProject section */

/* Begin PBXResourcesBuildPhase section */
		935C57232817B44B0008A870 /* Resources */ = {
			isa = PBXResourcesBuildPhase;
			buildActionMask = 2147483647;
			files = (
				935C57302817B44C0008A870 /* Preview Assets.xcassets in Resources */,
				935C572D2817B44C0008A870 /* Assets.xcassets in Resources */,
			);
			runOnlyForDeploymentPostprocessing = 0;
		};
		935C57332817B44C0008A870 /* Resources */ = {
			isa = PBXResourcesBuildPhase;
			buildActionMask = 2147483647;
			files = (
			);
			runOnlyForDeploymentPostprocessing = 0;
		};
		935C573D2817B44C0008A870 /* Resources */ = {
			isa = PBXResourcesBuildPhase;
			buildActionMask = 2147483647;
			files = (
			);
			runOnlyForDeploymentPostprocessing = 0;
		};
/* End PBXResourcesBuildPhase section */

/* Begin PBXSourcesBuildPhase section */
		935C57212817B44B0008A870 /* Sources */ = {
			isa = PBXSourcesBuildPhase;
			buildActionMask = 2147483647;
			files = (
				935C5767281A45200008A870 /* utils.swift in Sources */,
				935C575B28188E940008A870 /* TestView.swift in Sources */,
				935C575D281891380008A870 /* Block.swift in Sources */,
				935C57EE281F93180008A870 /* Procedure.swift in Sources */,
				935C576D281B38DB0008A870 /* Test2View.swift in Sources */,
				935C57622819AB9C0008A870 /* IfBlock.swift in Sources */,
				935C576B281A49940008A870 /* globals.swift in Sources */,
				935C5759281847DB0008A870 /* TextBlock.swift in Sources */,
				935C572B2817B44B0008A870 /* ContentView.swift in Sources */,
				935C57292817B44B0008A870 /* My_ShortcutsApp.swift in Sources */,
			);
			runOnlyForDeploymentPostprocessing = 0;
		};
		935C57312817B44C0008A870 /* Sources */ = {
			isa = PBXSourcesBuildPhase;
			buildActionMask = 2147483647;
			files = (
				935C573A2817B44C0008A870 /* My_ShortcutsTests.swift in Sources */,
			);
			runOnlyForDeploymentPostprocessing = 0;
		};
		935C573B2817B44C0008A870 /* Sources */ = {
			isa = PBXSourcesBuildPhase;
			buildActionMask = 2147483647;
			files = (
				935C57462817B44C0008A870 /* My_ShortcutsUITestsLaunchTests.swift in Sources */,
				935C57442817B44C0008A870 /* My_ShortcutsUITests.swift in Sources */,
			);
			runOnlyForDeploymentPostprocessing = 0;
		};
/* End PBXSourcesBuildPhase section */

/* Begin PBXTargetDependency section */
		935C57372817B44C0008A870 /* PBXTargetDependency */ = {
			isa = PBXTargetDependency;
			target = 935C57242817B44B0008A870 /* My Shortcuts */;
			targetProxy = 935C57362817B44C0008A870 /* PBXContainerItemProxy */;
		};
		935C57412817B44C0008A870 /* PBXTargetDependency */ = {
			isa = PBXTargetDependency;
			target = 935C57242817B44B0008A870 /* My Shortcuts */;
			targetProxy = 935C57402817B44C0008A870 /* PBXContainerItemProxy */;
		};
/* End PBXTargetDependency section */

/* Begin XCBuildConfiguration section */
		935C57472817B44C0008A870 /* Debug */ = {
			isa = XCBuildConfiguration;
			buildSettings = {
				ALWAYS_SEARCH_USER_PATHS = NO;
				CLANG_ANALYZER_NONNULL = YES;
				CLANG_ANALYZER_NUMBER_OBJECT_CONVERSION = YES_AGGRESSIVE;
				CLANG_CXX_LANGUAGE_STANDARD = "gnu++17";
				CLANG_CXX_LIBRARY = "libc++";
				CLANG_ENABLE_MODULES = YES;
				CLANG_ENABLE_OBJC_ARC = YES;
				CLANG_ENABLE_OBJC_WEAK = YES;
				CLANG_WARN_BLOCK_CAPTURE_AUTORELEASING = YES;
				CLANG_WARN_BOOL_CONVERSION = YES;
				CLANG_WARN_COMMA = YES;
				CLANG_WARN_CONSTANT_CONVERSION = YES;
				CLANG_WARN_DEPRECATED_OBJC_IMPLEMENTATIONS = YES;
				CLANG_WARN_DIRECT_OBJC_ISA_USAGE = YES_ERROR;
				CLANG_WARN_DOCUMENTATION_COMMENTS = YES;
				CLANG_WARN_EMPTY_BODY = YES;
				CLANG_WARN_ENUM_CONVERSION = YES;
				CLANG_WARN_INFINITE_RECURSION = YES;
				CLANG_WARN_INT_CONVERSION = YES;
				CLANG_WARN_NON_LITERAL_NULL_CONVERSION = YES;
				CLANG_WARN_OBJC_IMPLICIT_RETAIN_SELF = YES;
				CLANG_WARN_OBJC_LITERAL_CONVERSION = YES;
				CLANG_WARN_OBJC_ROOT_CLASS = YES_ERROR;
				CLANG_WARN_QUOTED_INCLUDE_IN_FRAMEWORK_HEADER = YES;
				CLANG_WARN_RANGE_LOOP_ANALYSIS = YES;
				CLANG_WARN_STRICT_PROTOTYPES = YES;
				CLANG_WARN_SUSPICIOUS_MOVE = YES;
				CLANG_WARN_UNGUARDED_AVAILABILITY = YES_AGGRESSIVE;
				CLANG_WARN_UNREACHABLE_CODE = YES;
				CLANG_WARN__DUPLICATE_METHOD_MATCH = YES;
				COPY_PHASE_STRIP = NO;
				DEBUG_INFORMATION_FORMAT = dwarf;
				ENABLE_STRICT_OBJC_MSGSEND = YES;
				ENABLE_TESTABILITY = YES;
				GCC_C_LANGUAGE_STANDARD = gnu11;
				GCC_DYNAMIC_NO_PIC = NO;
				GCC_NO_COMMON_BLOCKS = YES;
				GCC_OPTIMIZATION_LEVEL = 0;
				GCC_PREPROCESSOR_DEFINITIONS = (
					"DEBUG=1",
					"$(inherited)",
				);
				GCC_WARN_64_TO_32_BIT_CONVERSION = YES;
				GCC_WARN_ABOUT_RETURN_TYPE = YES_ERROR;
				GCC_WARN_UNDECLARED_SELECTOR = YES;
				GCC_WARN_UNINITIALIZED_AUTOS = YES_AGGRESSIVE;
				GCC_WARN_UNUSED_FUNCTION = YES;
				GCC_WARN_UNUSED_VARIABLE = YES;
				IPHONEOS_DEPLOYMENT_TARGET = 15.0;
				MTL_ENABLE_DEBUG_INFO = INCLUDE_SOURCE;
				MTL_FAST_MATH = YES;
				ONLY_ACTIVE_ARCH = YES;
				SDKROOT = iphoneos;
				SWIFT_ACTIVE_COMPILATION_CONDITIONS = DEBUG;
				SWIFT_OPTIMIZATION_LEVEL = "-Onone";
			};
			name = Debug;
		};
		935C57482817B44C0008A870 /* Release */ = {
			isa = XCBuildConfiguration;
			buildSettings = {
				ALWAYS_SEARCH_USER_PATHS = NO;
				CLANG_ANALYZER_NONNULL = YES;
				CLANG_ANALYZER_NUMBER_OBJECT_CONVERSION = YES_AGGRESSIVE;
				CLANG_CXX_LANGUAGE_STANDARD = "gnu++17";
				CLANG_CXX_LIBRARY = "libc++";
				CLANG_ENABLE_MODULES = YES;
				CLANG_ENABLE_OBJC_ARC = YES;
				CLANG_ENABLE_OBJC_WEAK = YES;
				CLANG_WARN_BLOCK_CAPTURE_AUTORELEASING = YES;
				CLANG_WARN_BOOL_CONVERSION = YES;
				CLANG_WARN_COMMA = YES;
				CLANG_WARN_CONSTANT_CONVERSION = YES;
				CLANG_WARN_DEPRECATED_OBJC_IMPLEMENTATIONS = YES;
				CLANG_WARN_DIRECT_OBJC_ISA_USAGE = YES_ERROR;
				CLANG_WARN_DOCUMENTATION_COMMENTS = YES;
				CLANG_WARN_EMPTY_BODY = YES;
				CLANG_WARN_ENUM_CONVERSION = YES;
				CLANG_WARN_INFINITE_RECURSION = YES;
				CLANG_WARN_INT_CONVERSION = YES;
				CLANG_WARN_NON_LITERAL_NULL_CONVERSION = YES;
				CLANG_WARN_OBJC_IMPLICIT_RETAIN_SELF = YES;
				CLANG_WARN_OBJC_LITERAL_CONVERSION = YES;
				CLANG_WARN_OBJC_ROOT_CLASS = YES_ERROR;
				CLANG_WARN_QUOTED_INCLUDE_IN_FRAMEWORK_HEADER = YES;
				CLANG_WARN_RANGE_LOOP_ANALYSIS = YES;
				CLANG_WARN_STRICT_PROTOTYPES = YES;
				CLANG_WARN_SUSPICIOUS_MOVE = YES;
				CLANG_WARN_UNGUARDED_AVAILABILITY = YES_AGGRESSIVE;
				CLANG_WARN_UNREACHABLE_CODE = YES;
				CLANG_WARN__DUPLICATE_METHOD_MATCH = YES;
				COPY_PHASE_STRIP = NO;
				DEBUG_INFORMATION_FORMAT = "dwarf-with-dsym";
				ENABLE_NS_ASSERTIONS = NO;
				ENABLE_STRICT_OBJC_MSGSEND = YES;
				GCC_C_LANGUAGE_STANDARD = gnu11;
				GCC_NO_COMMON_BLOCKS = YES;
				GCC_WARN_64_TO_32_BIT_CONVERSION = YES;
				GCC_WARN_ABOUT_RETURN_TYPE = YES_ERROR;
				GCC_WARN_UNDECLARED_SELECTOR = YES;
				GCC_WARN_UNINITIALIZED_AUTOS = YES_AGGRESSIVE;
				GCC_WARN_UNUSED_FUNCTION = YES;
				GCC_WARN_UNUSED_VARIABLE = YES;
				IPHONEOS_DEPLOYMENT_TARGET = 15.0;
				MTL_ENABLE_DEBUG_INFO = NO;
				MTL_FAST_MATH = YES;
				SDKROOT = iphoneos;
				SWIFT_COMPILATION_MODE = wholemodule;
				SWIFT_OPTIMIZATION_LEVEL = "-O";
				VALIDATE_PRODUCT = YES;
			};
			name = Release;
		};
		935C574A2817B44C0008A870 /* Debug */ = {
			isa = XCBuildConfiguration;
			buildSettings = {
				ASSETCATALOG_COMPILER_APPICON_NAME = AppIcon;
				ASSETCATALOG_COMPILER_GLOBAL_ACCENT_COLOR_NAME = AccentColor;
				CODE_SIGN_STYLE = Automatic;
				CURRENT_PROJECT_VERSION = 1;
				DEVELOPMENT_ASSET_PATHS = "\"My Shortcuts/Preview Content\"";
				DEVELOPMENT_TEAM = U726X7Z83U;
				ENABLE_PREVIEWS = YES;
				GENERATE_INFOPLIST_FILE = YES;
				INFOPLIST_KEY_UIApplicationSceneManifest_Generation = YES;
				INFOPLIST_KEY_UIApplicationSupportsIndirectInputEvents = YES;
				INFOPLIST_KEY_UILaunchScreen_Generation = YES;
				INFOPLIST_KEY_UISupportedInterfaceOrientations_iPad = "UIInterfaceOrientationPortrait UIInterfaceOrientationPortraitUpsideDown UIInterfaceOrientationLandscapeLeft UIInterfaceOrientationLandscapeRight";
				INFOPLIST_KEY_UISupportedInterfaceOrientations_iPhone = "UIInterfaceOrientationPortrait UIInterfaceOrientationLandscapeLeft UIInterfaceOrientationLandscapeRight";
				LD_RUNPATH_SEARCH_PATHS = (
					"$(inherited)",
					"@executable_path/Frameworks",
				);
				MARKETING_VERSION = 1.0;
				PRODUCT_BUNDLE_IDENTIFIER = "Henry-Wu.My-Shortcuts";
				PRODUCT_NAME = "$(TARGET_NAME)";
				SWIFT_EMIT_LOC_STRINGS = YES;
				SWIFT_VERSION = 5.0;
				TARGETED_DEVICE_FAMILY = "1,2";
			};
			name = Debug;
		};
		935C574B2817B44C0008A870 /* Release */ = {
			isa = XCBuildConfiguration;
			buildSettings = {
				ASSETCATALOG_COMPILER_APPICON_NAME = AppIcon;
				ASSETCATALOG_COMPILER_GLOBAL_ACCENT_COLOR_NAME = AccentColor;
				CODE_SIGN_STYLE = Automatic;
				CURRENT_PROJECT_VERSION = 1;
				DEVELOPMENT_ASSET_PATHS = "\"My Shortcuts/Preview Content\"";
				DEVELOPMENT_TEAM = U726X7Z83U;
				ENABLE_PREVIEWS = YES;
				GENERATE_INFOPLIST_FILE = YES;
				INFOPLIST_KEY_UIApplicationSceneManifest_Generation = YES;
				INFOPLIST_KEY_UIApplicationSupportsIndirectInputEvents = YES;
				INFOPLIST_KEY_UILaunchScreen_Generation = YES;
				INFOPLIST_KEY_UISupportedInterfaceOrientations_iPad = "UIInterfaceOrientationPortrait UIInterfaceOrientationPortraitUpsideDown UIInterfaceOrientationLandscapeLeft UIInterfaceOrientationLandscapeRight";
				INFOPLIST_KEY_UISupportedInterfaceOrientations_iPhone = "UIInterfaceOrientationPortrait UIInterfaceOrientationLandscapeLeft UIInterfaceOrientationLandscapeRight";
				LD_RUNPATH_SEARCH_PATHS = (
					"$(inherited)",
					"@executable_path/Frameworks",
				);
				MARKETING_VERSION = 1.0;
				PRODUCT_BUNDLE_IDENTIFIER = "Henry-Wu.My-Shortcuts";
				PRODUCT_NAME = "$(TARGET_NAME)";
				SWIFT_EMIT_LOC_STRINGS = YES;
				SWIFT_VERSION = 5.0;
				TARGETED_DEVICE_FAMILY = "1,2";
			};
			name = Release;
		};
		935C574D2817B44C0008A870 /* Debug */ = {
			isa = XCBuildConfiguration;
			buildSettings = {
				ALWAYS_EMBED_SWIFT_STANDARD_LIBRARIES = YES;
				BUNDLE_LOADER = "$(TEST_HOST)";
				CODE_SIGN_STYLE = Automatic;
				CURRENT_PROJECT_VERSION = 1;
				DEVELOPMENT_TEAM = U726X7Z83U;
				GENERATE_INFOPLIST_FILE = YES;
				IPHONEOS_DEPLOYMENT_TARGET = 15.0;
				LD_RUNPATH_SEARCH_PATHS = (
					"$(inherited)",
					"@executable_path/Frameworks",
					"@loader_path/Frameworks",
				);
				MARKETING_VERSION = 1.0;
				PRODUCT_BUNDLE_IDENTIFIER = "Henry-Wu.My-ShortcutsTests";
				PRODUCT_NAME = "$(TARGET_NAME)";
				SWIFT_EMIT_LOC_STRINGS = NO;
				SWIFT_VERSION = 5.0;
				TARGETED_DEVICE_FAMILY = "1,2";
				TEST_HOST = "$(BUILT_PRODUCTS_DIR)/My Shortcuts.app/My Shortcuts";
			};
			name = Debug;
		};
		935C574E2817B44C0008A870 /* Release */ = {
			isa = XCBuildConfiguration;
			buildSettings = {
				ALWAYS_EMBED_SWIFT_STANDARD_LIBRARIES = YES;
				BUNDLE_LOADER = "$(TEST_HOST)";
				CODE_SIGN_STYLE = Automatic;
				CURRENT_PROJECT_VERSION = 1;
				DEVELOPMENT_TEAM = U726X7Z83U;
				GENERATE_INFOPLIST_FILE = YES;
				IPHONEOS_DEPLOYMENT_TARGET = 15.0;
				LD_RUNPATH_SEARCH_PATHS = (
					"$(inherited)",
					"@executable_path/Frameworks",
					"@loader_path/Frameworks",
				);
				MARKETING_VERSION = 1.0;
				PRODUCT_BUNDLE_IDENTIFIER = "Henry-Wu.My-ShortcutsTests";
				PRODUCT_NAME = "$(TARGET_NAME)";
				SWIFT_EMIT_LOC_STRINGS = NO;
				SWIFT_VERSION = 5.0;
				TARGETED_DEVICE_FAMILY = "1,2";
				TEST_HOST = "$(BUILT_PRODUCTS_DIR)/My Shortcuts.app/My Shortcuts";
			};
			name = Release;
		};
		935C57502817B44C0008A870 /* Debug */ = {
			isa = XCBuildConfiguration;
			buildSettings = {
				ALWAYS_EMBED_SWIFT_STANDARD_LIBRARIES = YES;
				CODE_SIGN_STYLE = Automatic;
				CURRENT_PROJECT_VERSION = 1;
				DEVELOPMENT_TEAM = U726X7Z83U;
				GENERATE_INFOPLIST_FILE = YES;
				LD_RUNPATH_SEARCH_PATHS = (
					"$(inherited)",
					"@executable_path/Frameworks",
					"@loader_path/Frameworks",
				);
				MARKETING_VERSION = 1.0;
				PRODUCT_BUNDLE_IDENTIFIER = "Henry-Wu.My-ShortcutsUITests";
				PRODUCT_NAME = "$(TARGET_NAME)";
				SWIFT_EMIT_LOC_STRINGS = NO;
				SWIFT_VERSION = 5.0;
				TARGETED_DEVICE_FAMILY = "1,2";
				TEST_TARGET_NAME = "My Shortcuts";
			};
			name = Debug;
		};
		935C57512817B44C0008A870 /* Release */ = {
			isa = XCBuildConfiguration;
			buildSettings = {
				ALWAYS_EMBED_SWIFT_STANDARD_LIBRARIES = YES;
				CODE_SIGN_STYLE = Automatic;
				CURRENT_PROJECT_VERSION = 1;
				DEVELOPMENT_TEAM = U726X7Z83U;
				GENERATE_INFOPLIST_FILE = YES;
				LD_RUNPATH_SEARCH_PATHS = (
					"$(inherited)",
					"@executable_path/Frameworks",
					"@loader_path/Frameworks",
				);
				MARKETING_VERSION = 1.0;
				PRODUCT_BUNDLE_IDENTIFIER = "Henry-Wu.My-ShortcutsUITests";
				PRODUCT_NAME = "$(TARGET_NAME)";
				SWIFT_EMIT_LOC_STRINGS = NO;
				SWIFT_VERSION = 5.0;
				TARGETED_DEVICE_FAMILY = "1,2";
				TEST_TARGET_NAME = "My Shortcuts";
			};
			name = Release;
		};
/* End XCBuildConfiguration section */

/* Begin XCConfigurationList section */
		935C57202817B44B0008A870 /* Build configuration list for PBXProject "My Shortcuts" */ = {
			isa = XCConfigurationList;
			buildConfigurations = (
				935C57472817B44C0008A870 /* Debug */,
				935C57482817B44C0008A870 /* Release */,
			);
			defaultConfigurationIsVisible = 0;
			defaultConfigurationName = Release;
		};
		935C57492817B44C0008A870 /* Build configuration list for PBXNativeTarget "My Shortcuts" */ = {
			isa = XCConfigurationList;
			buildConfigurations = (
				935C574A2817B44C0008A870 /* Debug */,
				935C574B2817B44C0008A870 /* Release */,
			);
			defaultConfigurationIsVisible = 0;
			defaultConfigurationName = Release;
		};
		935C574C2817B44C0008A870 /* Build configuration list for PBXNativeTarget "My ShortcutsTests" */ = {
			isa = XCConfigurationList;
			buildConfigurations = (
				935C574D2817B44C0008A870 /* Debug */,
				935C574E2817B44C0008A870 /* Release */,
			);
			defaultConfigurationIsVisible = 0;
			defaultConfigurationName = Release;
		};
		935C574F2817B44C0008A870 /* Build configuration list for PBXNativeTarget "My ShortcutsUITests" */ = {
			isa = XCConfigurationList;
			buildConfigurations = (
				935C57502817B44C0008A870 /* Debug */,
				935C57512817B44C0008A870 /* Release */,
			);
			defaultConfigurationIsVisible = 0;
			defaultConfigurationName = Release;
		};
/* End XCConfigurationList section */
	};
	rootObject = 935C571D2817B44B0008A870 /* Project object */;
}
